
Microsoft Visual Studio Solution File, Format Version 12.00
# Visual Studio Version 17
VisualStudioVersion = 17.0.31903.59
MinimumVisualStudioVersion = 10.0.40219.1
Project("{2150E333-8FDC-42A3-9474-1A3956D46DE8}") = "src", "src", "{827E0CD3-B72D-47B6-A68D-7590B98EB39B}"
EndProject
Project("{2150E333-8FDC-42A3-9474-1A3956D46DE8}") = "Plugins", "Plugins", "{58D3A2C3-F96F-5E57-2C6B-ECE59D6A18FC}"
EndProject
Project("{FAE04EC0-301F-11D3-BF4B-00C04F79EFBC}") = "Nop.Plugin.Shipping.EasyPost", "src\Plugins\Nop.Plugin.Shipping.EasyPost\Nop.Plugin.Shipping.EasyPost.csproj", "{8586059E-87B7-422A-ADB0-536C4D102967}"
EndProject
Project("{2150E333-8FDC-42A3-9474-1A3956D46DE8}") = "Tests", "Tests", "{CEA09484-30F6-4D44-02F6-822E06DBC57C}"
EndProject
Project("{FAE04EC0-301F-11D3-BF4B-00C04F79EFBC}") = "Nop.Plugin.Shipping.EasyPost.Tests", "src\Tests\Nop.Plugin.Shipping.EasyPost.Tests\Nop.Plugin.Shipping.EasyPost.Tests.csproj", "{57BB9DBE-108E-49C4-A766-ABED83DE5B6A}"
EndProject
Global
	GlobalSection(SolutionConfigurationPlatforms) = preSolution
		Debug|Any CPU = Debug|Any CPU
		Debug|x64 = Debug|x64
		Debug|x86 = Debug|x86
		Release|Any CPU = Release|Any CPU
		Release|x64 = Release|x64
		Release|x86 = Release|x86
	EndGlobalSection
	GlobalSection(ProjectConfigurationPlatforms) = postSolution
		{8586059E-87B7-422A-ADB0-536C4D102967}.Debug|Any CPU.ActiveCfg = Debug|Any CPU
		{8586059E-87B7-422A-ADB0-536C4D102967}.Debug|Any CPU.Build.0 = Debug|Any CPU
		{8586059E-87B7-422A-ADB0-536C4D102967}.Debug|x64.ActiveCfg = Debug|Any CPU
		{8586059E-87B7-422A-ADB0-536C4D102967}.Debug|x64.Build.0 = Debug|Any CPU
		{8586059E-87B7-422A-ADB0-536C4D102967}.Debug|x86.ActiveCfg = Debug|Any CPU
		{8586059E-87B7-422A-ADB0-536C4D102967}.Debug|x86.Build.0 = Debug|Any CPU
		{8586059E-87B7-422A-ADB0-536C4D102967}.Release|Any CPU.ActiveCfg = Release|Any CPU
		{8586059E-87B7-422A-ADB0-536C4D102967}.Release|Any CPU.Build.0 = Release|Any CPU
		{8586059E-87B7-422A-ADB0-536C4D102967}.Release|x64.ActiveCfg = Release|Any CPU
		{8586059E-87B7-422A-ADB0-536C4D102967}.Release|x64.Build.0 = Release|Any CPU
		{8586059E-87B7-422A-ADB0-536C4D102967}.Release|x86.ActiveCfg = Release|Any CPU
		{8586059E-87B7-422A-ADB0-536C4D102967}.Release|x86.Build.0 = Release|Any CPU
		{57BB9DBE-108E-49C4-A766-ABED83DE5B6A}.Debug|Any CPU.ActiveCfg = Debug|Any CPU
		{57BB9DBE-108E-49C4-A766-ABED83DE5B6A}.Debug|Any CPU.Build.0 = Debug|Any CPU
		{57BB9DBE-108E-49C4-A766-ABED83DE5B6A}.Debug|x64.ActiveCfg = Debug|Any CPU
		{57BB9DBE-108E-49C4-A766-ABED83DE5B6A}.Debug|x64.Build.0 = Debug|Any CPU
		{57BB9DBE-108E-49C4-A766-ABED83DE5B6A}.Debug|x86.ActiveCfg = Debug|Any CPU
		{57BB9DBE-108E-49C4-A766-ABED83DE5B6A}.Debug|x86.Build.0 = Debug|Any CPU
		{57BB9DBE-108E-49C4-A766-ABED83DE5B6A}.Release|Any CPU.ActiveCfg = Release|Any CPU
		{57BB9DBE-108E-49C4-A766-ABED83DE5B6A}.Release|Any CPU.Build.0 = Release|Any CPU
		{57BB9DBE-108E-49C4-A766-ABED83DE5B6A}.Release|x64.ActiveCfg = Release|Any CPU
		{57BB9DBE-108E-49C4-A766-ABED83DE5B6A}.Release|x64.Build.0 = Release|Any CPU
		{57BB9DBE-108E-49C4-A766-ABED83DE5B6A}.Release|x86.ActiveCfg = Release|Any CPU
		{57BB9DBE-108E-49C4-A766-ABED83DE5B6A}.Release|x86.Build.0 = Release|Any CPU
	EndGlobalSection
	GlobalSection(SolutionProperties) = preSolution
		HideSolutionNode = FALSE
	EndGlobalSection
	GlobalSection(NestedProjects) = preSolution
		{58D3A2C3-F96F-5E57-2C6B-ECE59D6A18FC} = {827E0CD3-B72D-47B6-A68D-7590B98EB39B}
		{8586059E-87B7-422A-ADB0-536C4D102967} = {58D3A2C3-F96F-5E57-2C6B-ECE59D6A18FC}
		{CEA09484-30F6-4D44-02F6-822E06DBC57C} = {827E0CD3-B72D-47B6-A68D-7590B98EB39B}
		{57BB9DBE-108E-49C4-A766-ABED83DE5B6A} = {CEA09484-30F6-4D44-02F6-822E06DBC57C}
	EndGlobalSection
EndGlobal
